
Microsoft Visual Studio Solution File, Format Version 12.00
# Visual Studio Version 16
VisualStudioVersion = 16.0.29926.136
MinimumVisualStudioVersion = 10.0.40219.1
Project("{FAE04EC0-301F-11D3-BF4B-00C04F79EFBC}") = "Palindrome", "Palindrome\Palindrome.csproj", "{6F525A1D-092C-4D13-81FF-85C672CF206E}"
EndProject
Global
	GlobalSection(SolutionConfigurationPlatforms) = preSolution
		Debug|Any CPU = Debug|Any CPU
		Release|Any CPU = Release|Any CPU
	EndGlobalSection
	GlobalSection(ProjectConfigurationPlatforms) = postSolution
		{6F525A1D-092C-4D13-81FF-85C672CF206E}.Debug|Any CPU.ActiveCfg = Debug|Any CPU
		{6F525A1D-092C-4D13-81FF-85C672CF206E}.Debug|Any CPU.Build.0 = Debug|Any CPU
		{6F525A1D-092C-4D13-81FF-85C672CF206E}.Release|Any CPU.ActiveCfg = Release|Any CPU
		{6F525A1D-092C-4D13-81FF-85C672CF206E}.Release|Any CPU.Build.0 = Release|Any CPU
	EndGlobalSection
	GlobalSection(SolutionProperties) = preSolution
		HideSolutionNode = FALSE
	EndGlobalSection
	GlobalSection(ExtensibilityGlobals) = postSolution
		SolutionGuid = {8C3AD043-514A-456B-83E5-8D5A72035954}
	EndGlobalSection
EndGlobal
